
Microsoft Visual Studio Solution File, Format Version 12.00
# Visual Studio Version 17
VisualStudioVersion = 17.5.002.0
MinimumVisualStudioVersion = 10.0.40219.1
Project("{9A19103F-16F7-4668-BE54-9A1E7A4F7556}") = "task00", "task00\task00.csproj", "{EB65E82D-46B4-487F-8235-678AA4903CDF}"
EndProject
Global
	GlobalSection(SolutionConfigurationPlatforms) = preSolution
		Debug|Any CPU = Debug|Any CPU
		Release|Any CPU = Release|Any CPU
	EndGlobalSection
	GlobalSection(ProjectConfigurationPlatforms) = postSolution
		{EB65E82D-46B4-487F-8235-678AA4903CDF}.Debug|Any CPU.ActiveCfg = Debug|Any CPU
		{EB65E82D-46B4-487F-8235-678AA4903CDF}.Debug|Any CPU.Build.0 = Debug|Any CPU
		{EB65E82D-46B4-487F-8235-678AA4903CDF}.Release|Any CPU.ActiveCfg = Release|Any CPU
		{EB65E82D-46B4-487F-8235-678AA4903CDF}.Release|Any CPU.Build.0 = Release|Any CPU
	EndGlobalSection
	GlobalSection(SolutionProperties) = preSolution
		HideSolutionNode = FALSE
	EndGlobalSection
	GlobalSection(ExtensibilityGlobals) = postSolution
		SolutionGuid = {96CB0A19-E41C-400C-B1C7-C356E1F38784}
	EndGlobalSection
EndGlobal
